
Microsoft Visual Studio Solution File, Format Version 12.00
# Visual Studio Version 17
VisualStudioVersion = 17.14.36705.20 d17.14
MinimumVisualStudioVersion = 10.0.40219.1
Project("{FAE04EC0-301F-11D3-BF4B-00C04F79EFBC}") = "CanvasUsage", "CanvasUsage\CanvasUsage.csproj", "{B2826807-6F85-4247-A946-4DFEDC6FD1BC}"
EndProject
Global
	GlobalSection(SolutionConfigurationPlatforms) = preSolution
		Debug|Any CPU = Debug|Any CPU
		Release|Any CPU = Release|Any CPU
	EndGlobalSection
	GlobalSection(ProjectConfigurationPlatforms) = postSolution
		{B2826807-6F85-4247-A946-4DFEDC6FD1BC}.Debug|Any CPU.ActiveCfg = Debug|Any CPU
		{B2826807-6F85-4247-A946-4DFEDC6FD1BC}.Debug|Any CPU.Build.0 = Debug|Any CPU
		{B2826807-6F85-4247-A946-4DFEDC6FD1BC}.Release|Any CPU.ActiveCfg = Release|Any CPU
		{B2826807-6F85-4247-A946-4DFEDC6FD1BC}.Release|Any CPU.Build.0 = Release|Any CPU
	EndGlobalSection
	GlobalSection(SolutionProperties) = preSolution
		HideSolutionNode = FALSE
	EndGlobalSection
	GlobalSection(ExtensibilityGlobals) = postSolution
		SolutionGuid = {5E6B6AB5-450F-4943-B111-8106C0D69D16}
	EndGlobalSection
EndGlobal
